// !$*UTF8*$!
{
	archiveVersion = 1;
	classes = {
	};
	objectVersion = 46;
	objects = {

/* Begin PBXBuildFile section */
		2D60A72E2EBA2920008076A5 /* libjson.a in Frameworks */ = {isa = PBXBuildFile; fileRef = 2D60A72D2EBA2920008076A5 /* libjson.a */; };
		2D637C4B2EA69ED00022BAFF /* MainOpt.mm in Sources */ = {isa = PBXBuildFile; fileRef = 2D637C4A2EA69ED00022BAFF /* MainOpt.mm */; };
		2D637C4D2EA69EDB0022BAFF /* Main.mm in Sources */ = {isa = PBXBuildFile; fileRef = 2D637C4C2EA69EDB0022BAFF /* Main.mm */; };
/* End PBXBuildFile section */

/* Begin PBXCopyFilesBuildPhase section */
		2D637C392EA6949D0022BAFF /* CopyFiles */ = {
			isa = PBXCopyFilesBuildPhase;
			buildActionMask = 2147483647;
			dstPath = /usr/share/man/man1/;
			dstSubfolderSpec = 0;
			files = (
			);
			runOnlyForDeploymentPostprocessing = 1;
		};
/* End PBXCopyFilesBuildPhase section */

/* Begin PBXFileReference section */
		2D60A72D2EBA2920008076A5 /* libjson.a */ = {isa = PBXFileReference; lastKnownFileType = archive.ar; name = libjson.a; path = ../../../../thirdparty/libjson/libjson_7.6.1/build/os/QtCreator/Debug/lib/libjson/libjson.a; sourceTree = "<group>"; };
		2D637C3B2EA6949D0022BAFF /* uLucidity */ = {isa = PBXFileReference; explicitFileType = "compiled.mach-o.executable"; includeInIndex = 0; path = uLucidity; sourceTree = BUILT_PRODUCTS_DIR; };
		2D637C4A2EA69ED00022BAFF /* MainOpt.mm */ = {isa = PBXFileReference; fileEncoding = 4; lastKnownFileType = sourcecode.cpp.objcpp; name = MainOpt.mm; path = ../../../../source/uLucidity/Application/Console/Network/Sockets/Client/MainOpt.mm; sourceTree = "<group>"; };
		2D637C4C2EA69EDB0022BAFF /* Main.mm */ = {isa = PBXFileReference; fileEncoding = 4; lastKnownFileType = sourcecode.cpp.objcpp; name = Main.mm; path = ../../../../source/uLucidity/Application/Console/Network/Sockets/Client/Main.mm; sourceTree = "<group>"; };
/* End PBXFileReference section */

/* Begin PBXFrameworksBuildPhase section */
		2D637C382EA6949D0022BAFF /* Frameworks */ = {
			isa = PBXFrameworksBuildPhase;
			buildActionMask = 2147483647;
			files = (
				2D60A72E2EBA2920008076A5 /* libjson.a in Frameworks */,
			);
			runOnlyForDeploymentPostprocessing = 0;
		};
/* End PBXFrameworksBuildPhase section */

/* Begin PBXGroup section */
		2D60A72C2EBA2920008076A5 /* Frameworks */ = {
			isa = PBXGroup;
			children = (
				2D60A72D2EBA2920008076A5 /* libjson.a */,
			);
			name = Frameworks;
			sourceTree = "<group>";
		};
		2D637C322EA6949D0022BAFF = {
			isa = PBXGroup;
			children = (
				2D637C4C2EA69EDB0022BAFF /* Main.mm */,
				2D637C4A2EA69ED00022BAFF /* MainOpt.mm */,
				2D637C3C2EA6949D0022BAFF /* Products */,
				2D60A72C2EBA2920008076A5 /* Frameworks */,
			);
			sourceTree = "<group>";
		};
		2D637C3C2EA6949D0022BAFF /* Products */ = {
			isa = PBXGroup;
			children = (
				2D637C3B2EA6949D0022BAFF /* uLucidity */,
			);
			name = Products;
			sourceTree = "<group>";
		};
/* End PBXGroup section */

/* Begin PBXNativeTarget section */
		2D637C3A2EA6949D0022BAFF /* uLucidity */ = {
			isa = PBXNativeTarget;
			buildConfigurationList = 2D637C422EA6949D0022BAFF /* Build configuration list for PBXNativeTarget "uLucidity" */;
			buildPhases = (
				2D637C372EA6949D0022BAFF /* Sources */,
				2D637C382EA6949D0022BAFF /* Frameworks */,
				2D637C392EA6949D0022BAFF /* CopyFiles */,
			);
			buildRules = (
			);
			dependencies = (
			);
			name = uLucidity;
			productName = uLucidity;
			productReference = 2D637C3B2EA6949D0022BAFF /* uLucidity */;
			productType = "com.apple.product-type.tool";
		};
/* End PBXNativeTarget section */

/* Begin PBXProject section */
		2D637C332EA6949D0022BAFF /* Project object */ = {
			isa = PBXProject;
			attributes = {
				LastUpgradeCheck = 0830;
				ORGANIZATIONNAME = ulucidity;
				TargetAttributes = {
					2D637C3A2EA6949D0022BAFF = {
						CreatedOnToolsVersion = 8.3.3;
						ProvisioningStyle = Automatic;
					};
				};
			};
			buildConfigurationList = 2D637C362EA6949D0022BAFF /* Build configuration list for PBXProject "uLucidity" */;
			compatibilityVersion = "Xcode 3.2";
			developmentRegion = English;
			hasScannedForEncodings = 0;
			knownRegions = (
				en,
			);
			mainGroup = 2D637C322EA6949D0022BAFF;
			productRefGroup = 2D637C3C2EA6949D0022BAFF /* Products */;
			projectDirPath = "";
			projectRoot = "";
			targets = (
				2D637C3A2EA6949D0022BAFF /* uLucidity */,
			);
		};
/* End PBXProject section */

/* Begin PBXSourcesBuildPhase section */
		2D637C372EA6949D0022BAFF /* Sources */ = {
			isa = PBXSourcesBuildPhase;
			buildActionMask = 2147483647;
			files = (
				2D637C4D2EA69EDB0022BAFF /* Main.mm in Sources */,
				2D637C4B2EA69ED00022BAFF /* MainOpt.mm in Sources */,
			);
			runOnlyForDeploymentPostprocessing = 0;
		};
/* End PBXSourcesBuildPhase section */

/* Begin XCBuildConfiguration section */
		2D637C402EA6949D0022BAFF /* Debug */ = {
			isa = XCBuildConfiguration;
			buildSettings = {
				ALWAYS_SEARCH_USER_PATHS = NO;
				CLANG_ANALYZER_NONNULL = YES;
				CLANG_ANALYZER_NUMBER_OBJECT_CONVERSION = YES_AGGRESSIVE;
				CLANG_CXX_LANGUAGE_STANDARD = "gnu++0x";
				CLANG_CXX_LIBRARY = "libc++";
				CLANG_ENABLE_MODULES = YES;
				CLANG_ENABLE_OBJC_ARC = YES;
				CLANG_WARN_BOOL_CONVERSION = YES;
				CLANG_WARN_CONSTANT_CONVERSION = YES;
				CLANG_WARN_DIRECT_OBJC_ISA_USAGE = YES_ERROR;
				CLANG_WARN_DOCUMENTATION_COMMENTS = YES;
				CLANG_WARN_EMPTY_BODY = YES;
				CLANG_WARN_ENUM_CONVERSION = YES;
				CLANG_WARN_INFINITE_RECURSION = YES;
				CLANG_WARN_INT_CONVERSION = YES;
				CLANG_WARN_OBJC_ROOT_CLASS = YES_ERROR;
				CLANG_WARN_SUSPICIOUS_MOVE = YES;
				CLANG_WARN_UNREACHABLE_CODE = YES;
				CLANG_WARN__DUPLICATE_METHOD_MATCH = YES;
				CODE_SIGN_IDENTITY = "-";
				COPY_PHASE_STRIP = NO;
				DEBUG_INFORMATION_FORMAT = dwarf;
				ENABLE_STRICT_OBJC_MSGSEND = YES;
				ENABLE_TESTABILITY = YES;
				GCC_C_LANGUAGE_STANDARD = gnu99;
				GCC_DYNAMIC_NO_PIC = NO;
				GCC_NO_COMMON_BLOCKS = YES;
				GCC_OPTIMIZATION_LEVEL = 0;
				GCC_PREPROCESSOR_DEFINITIONS = (
					"DEBUG=1",
					"$(inherited)",
				);
				GCC_WARN_64_TO_32_BIT_CONVERSION = YES;
				GCC_WARN_ABOUT_RETURN_TYPE = YES_ERROR;
				GCC_WARN_UNDECLARED_SELECTOR = YES;
				GCC_WARN_UNINITIALIZED_AUTOS = YES_AGGRESSIVE;
				GCC_WARN_UNUSED_FUNCTION = YES;
				GCC_WARN_UNUSED_VARIABLE = YES;
				MACOSX_DEPLOYMENT_TARGET = 10.12;
				MTL_ENABLE_DEBUG_INFO = YES;
				ONLY_ACTIVE_ARCH = YES;
				SDKROOT = macosx;
			};
			name = Debug;
		};
		2D637C412EA6949D0022BAFF /* Release */ = {
			isa = XCBuildConfiguration;
			buildSettings = {
				ALWAYS_SEARCH_USER_PATHS = NO;
				CLANG_ANALYZER_NONNULL = YES;
				CLANG_ANALYZER_NUMBER_OBJECT_CONVERSION = YES_AGGRESSIVE;
				CLANG_CXX_LANGUAGE_STANDARD = "gnu++0x";
				CLANG_CXX_LIBRARY = "libc++";
				CLANG_ENABLE_MODULES = YES;
				CLANG_ENABLE_OBJC_ARC = YES;
				CLANG_WARN_BOOL_CONVERSION = YES;
				CLANG_WARN_CONSTANT_CONVERSION = YES;
				CLANG_WARN_DIRECT_OBJC_ISA_USAGE = YES_ERROR;
				CLANG_WARN_DOCUMENTATION_COMMENTS = YES;
				CLANG_WARN_EMPTY_BODY = YES;
				CLANG_WARN_ENUM_CONVERSION = YES;
				CLANG_WARN_INFINITE_RECURSION = YES;
				CLANG_WARN_INT_CONVERSION = YES;
				CLANG_WARN_OBJC_ROOT_CLASS = YES_ERROR;
				CLANG_WARN_SUSPICIOUS_MOVE = YES;
				CLANG_WARN_UNREACHABLE_CODE = YES;
				CLANG_WARN__DUPLICATE_METHOD_MATCH = YES;
				CODE_SIGN_IDENTITY = "-";
				COPY_PHASE_STRIP = NO;
				DEBUG_INFORMATION_FORMAT = "dwarf-with-dsym";
				ENABLE_NS_ASSERTIONS = NO;
				ENABLE_STRICT_OBJC_MSGSEND = YES;
				GCC_C_LANGUAGE_STANDARD = gnu99;
				GCC_NO_COMMON_BLOCKS = YES;
				GCC_WARN_64_TO_32_BIT_CONVERSION = YES;
				GCC_WARN_ABOUT_RETURN_TYPE = YES_ERROR;
				GCC_WARN_UNDECLARED_SELECTOR = YES;
				GCC_WARN_UNINITIALIZED_AUTOS = YES_AGGRESSIVE;
				GCC_WARN_UNUSED_FUNCTION = YES;
				GCC_WARN_UNUSED_VARIABLE = YES;
				MACOSX_DEPLOYMENT_TARGET = 10.12;
				MTL_ENABLE_DEBUG_INFO = NO;
				SDKROOT = macosx;
			};
			name = Release;
		};
		2D637C432EA6949D0022BAFF /* Debug */ = {
			isa = XCBuildConfiguration;
			buildSettings = {
				GCC_PREPROCESSOR_DEFINITIONS = XOS_CONSOLE_MAIN_MAIN;
				HEADER_SEARCH_PATHS = (
					"\"$(SRCROOT)/../../../../source\"",
					"\"$(SRCROOT)/../../../../thirdparty/libjson/libjson_7.6.1\"",
				);
				"LIBRARY_SEARCH_PATHS[arch=*]" = "\"$(SRCROOT)/../../../../thirdparty/libjson/libjson_7.6.1/build/os/QtCreator/Debug/lib/libjson\"";
				PRODUCT_NAME = "$(TARGET_NAME)";
			};
			name = Debug;
		};
		2D637C442EA6949D0022BAFF /* Release */ = {
			isa = XCBuildConfiguration;
			buildSettings = {
				GCC_PREPROCESSOR_DEFINITIONS = XOS_CONSOLE_MAIN_MAIN;
				HEADER_SEARCH_PATHS = (
					"\"$(SRCROOT)/../../../../source\"",
					"\"$(SRCROOT)/../../../../thirdparty/libjson/libjson_7.6.1\"",
				);
				"LIBRARY_SEARCH_PATHS[arch=*]" = "\"$(SRCROOT)/../../../../thirdparty/libjson/libjson_7.6.1/build/os/QtCreator/Release/lib/libjson\"";
				PRODUCT_NAME = "$(TARGET_NAME)";
			};
			name = Release;
		};
/* End XCBuildConfiguration section */

/* Begin XCConfigurationList section */
		2D637C362EA6949D0022BAFF /* Build configuration list for PBXProject "uLucidity" */ = {
			isa = XCConfigurationList;
			buildConfigurations = (
				2D637C402EA6949D0022BAFF /* Debug */,
				2D637C412EA6949D0022BAFF /* Release */,
			);
			defaultConfigurationIsVisible = 0;
			defaultConfigurationName = Release;
		};
		2D637C422EA6949D0022BAFF /* Build configuration list for PBXNativeTarget "uLucidity" */ = {
			isa = XCConfigurationList;
			buildConfigurations = (
				2D637C432EA6949D0022BAFF /* Debug */,
				2D637C442EA6949D0022BAFF /* Release */,
			);
			defaultConfigurationIsVisible = 0;
			defaultConfigurationName = Release;
		};
/* End XCConfigurationList section */
	};
	rootObject = 2D637C332EA6949D0022BAFF /* Project object */;
}
